
Microsoft Visual Studio Solution File, Format Version 12.00
# Visual Studio Version 17
VisualStudioVersion = 17.8.34525.116
MinimumVisualStudioVersion = 10.0.40219.1
Project("{9A19103F-16F7-4668-BE54-9A1E7A4F7556}") = "GrpcClient", "GrpcClient\GrpcClient.csproj", "{CCEA6105-47B7-4865-8FF0-ED66F9AB5E02}"
EndProject
Project("{9A19103F-16F7-4668-BE54-9A1E7A4F7556}") = "ContractsGrpc", "ContractsGrpc\ContractsGrpc.csproj", "{A7BC0859-AC4C-47C2-842D-163DE678C7E8}"
EndProject
Project("{9A19103F-16F7-4668-BE54-9A1E7A4F7556}") = "GrpcService1", "GrpcService1\GrpcService1.csproj", "{A5135F7A-5CD1-4B52-BA59-97B44A48B065}"
EndProject
Project("{FAE04EC0-301F-11D3-BF4B-00C04F79EFBC}") = "GrpcCodeGeneration", "GrpcCodeGeneration\GrpcCodeGeneration.csproj", "{5B296613-9746-4AAA-8668-56C2B8B841AC}"
EndProject
Project("{2150E333-8FDC-42A3-9474-1A3956D46DE8}") = "WebApi", "WebApi", "{5DE8D142-7F7C-4969-B74F-4C36A9D987D1}"
EndProject
Project("{2150E333-8FDC-42A3-9474-1A3956D46DE8}") = "ClientBlock", "ClientBlock", "{F2BFEEC8-0585-495A-BEAB-EB23E2FB3AD4}"
EndProject
Project("{2150E333-8FDC-42A3-9474-1A3956D46DE8}") = "ServiceBlock", "ServiceBlock", "{F683B1D2-8DA5-45BE-B712-CA1B08B718C4}"
EndProject
Project("{FAE04EC0-301F-11D3-BF4B-00C04F79EFBC}") = "ServicesLayer", "ServicesLayer\ServicesLayer.csproj", "{795A8056-90A8-45F9-B5DC-4AA9F696FC23}"
EndProject
Project("{FAE04EC0-301F-11D3-BF4B-00C04F79EFBC}") = "BusinessLayer", "BusinessLayer\BusinessLayer.csproj", "{23245936-DCD3-43F5-B509-60C5D1719B06}"
EndProject
Project("{FAE04EC0-301F-11D3-BF4B-00C04F79EFBC}") = "DataAcessLayer", "DataAcessLayer\DataAcessLayer.csproj", "{2E68B360-CB5F-4B45-BBD3-A9308C806E1B}"
EndProject
Project("{FAE04EC0-301F-11D3-BF4B-00C04F79EFBC}") = "EntitiesLayer", "EntitiesLayer\EntitiesLayer.csproj", "{780881CE-A924-4B21-800D-A8A90F3D23D2}"
EndProject
Project("{FAE04EC0-301F-11D3-BF4B-00C04F79EFBC}") = "Host.WebApi", "Host.WebApi\Host.WebApi.csproj", "{F2C94663-B8E8-4F6E-8C6B-935D1D38EE67}"
EndProject
Project("{FAE04EC0-301F-11D3-BF4B-00C04F79EFBC}") = "ContractLayer.Webpi", "ContractLayer.Webpi\ContractLayer.Webpi.csproj", "{6E269078-B84D-40B2-AAD8-C8FA74C6E0FC}"
EndProject
Project("{FAE04EC0-301F-11D3-BF4B-00C04F79EFBC}") = "ServicessLayer.Webapi", "ServicessLayer.Webapi\ServicessLayer.Webapi.csproj", "{20CFF704-F012-4DF8-A4B6-4B212224107B}"
EndProject
Global
	GlobalSection(SolutionConfigurationPlatforms) = preSolution
		Debug|Any CPU = Debug|Any CPU
		Release|Any CPU = Release|Any CPU
	EndGlobalSection
	GlobalSection(ProjectConfigurationPlatforms) = postSolution
		{CCEA6105-47B7-4865-8FF0-ED66F9AB5E02}.Debug|Any CPU.ActiveCfg = Debug|Any CPU
		{CCEA6105-47B7-4865-8FF0-ED66F9AB5E02}.Debug|Any CPU.Build.0 = Debug|Any CPU
		{CCEA6105-47B7-4865-8FF0-ED66F9AB5E02}.Release|Any CPU.ActiveCfg = Release|Any CPU
		{CCEA6105-47B7-4865-8FF0-ED66F9AB5E02}.Release|Any CPU.Build.0 = Release|Any CPU
		{A7BC0859-AC4C-47C2-842D-163DE678C7E8}.Debug|Any CPU.ActiveCfg = Debug|Any CPU
		{A7BC0859-AC4C-47C2-842D-163DE678C7E8}.Debug|Any CPU.Build.0 = Debug|Any CPU
		{A7BC0859-AC4C-47C2-842D-163DE678C7E8}.Release|Any CPU.ActiveCfg = Release|Any CPU
		{A7BC0859-AC4C-47C2-842D-163DE678C7E8}.Release|Any CPU.Build.0 = Release|Any CPU
		{A5135F7A-5CD1-4B52-BA59-97B44A48B065}.Debug|Any CPU.ActiveCfg = Debug|Any CPU
		{A5135F7A-5CD1-4B52-BA59-97B44A48B065}.Debug|Any CPU.Build.0 = Debug|Any CPU
		{A5135F7A-5CD1-4B52-BA59-97B44A48B065}.Release|Any CPU.ActiveCfg = Release|Any CPU
		{A5135F7A-5CD1-4B52-BA59-97B44A48B065}.Release|Any CPU.Build.0 = Release|Any CPU
		{5B296613-9746-4AAA-8668-56C2B8B841AC}.Debug|Any CPU.ActiveCfg = Debug|Any CPU
		{5B296613-9746-4AAA-8668-56C2B8B841AC}.Debug|Any CPU.Build.0 = Debug|Any CPU
		{5B296613-9746-4AAA-8668-56C2B8B841AC}.Release|Any CPU.ActiveCfg = Release|Any CPU
		{5B296613-9746-4AAA-8668-56C2B8B841AC}.Release|Any CPU.Build.0 = Release|Any CPU
		{795A8056-90A8-45F9-B5DC-4AA9F696FC23}.Debug|Any CPU.ActiveCfg = Debug|Any CPU
		{795A8056-90A8-45F9-B5DC-4AA9F696FC23}.Debug|Any CPU.Build.0 = Debug|Any CPU
		{795A8056-90A8-45F9-B5DC-4AA9F696FC23}.Release|Any CPU.ActiveCfg = Release|Any CPU
		{795A8056-90A8-45F9-B5DC-4AA9F696FC23}.Release|Any CPU.Build.0 = Release|Any CPU
		{23245936-DCD3-43F5-B509-60C5D1719B06}.Debug|Any CPU.ActiveCfg = Debug|Any CPU
		{23245936-DCD3-43F5-B509-60C5D1719B06}.Debug|Any CPU.Build.0 = Debug|Any CPU
		{23245936-DCD3-43F5-B509-60C5D1719B06}.Release|Any CPU.ActiveCfg = Release|Any CPU
		{23245936-DCD3-43F5-B509-60C5D1719B06}.Release|Any CPU.Build.0 = Release|Any CPU
		{2E68B360-CB5F-4B45-BBD3-A9308C806E1B}.Debug|Any CPU.ActiveCfg = Debug|Any CPU
		{2E68B360-CB5F-4B45-BBD3-A9308C806E1B}.Debug|Any CPU.Build.0 = Debug|Any CPU
		{2E68B360-CB5F-4B45-BBD3-A9308C806E1B}.Release|Any CPU.ActiveCfg = Release|Any CPU
		{2E68B360-CB5F-4B45-BBD3-A9308C806E1B}.Release|Any CPU.Build.0 = Release|Any CPU
		{780881CE-A924-4B21-800D-A8A90F3D23D2}.Debug|Any CPU.ActiveCfg = Debug|Any CPU
		{780881CE-A924-4B21-800D-A8A90F3D23D2}.Debug|Any CPU.Build.0 = Debug|Any CPU
		{780881CE-A924-4B21-800D-A8A90F3D23D2}.Release|Any CPU.ActiveCfg = Release|Any CPU
		{780881CE-A924-4B21-800D-A8A90F3D23D2}.Release|Any CPU.Build.0 = Release|Any CPU
		{F2C94663-B8E8-4F6E-8C6B-935D1D38EE67}.Debug|Any CPU.ActiveCfg = Debug|Any CPU
		{F2C94663-B8E8-4F6E-8C6B-935D1D38EE67}.Debug|Any CPU.Build.0 = Debug|Any CPU
		{F2C94663-B8E8-4F6E-8C6B-935D1D38EE67}.Release|Any CPU.ActiveCfg = Release|Any CPU
		{F2C94663-B8E8-4F6E-8C6B-935D1D38EE67}.Release|Any CPU.Build.0 = Release|Any CPU
		{6E269078-B84D-40B2-AAD8-C8FA74C6E0FC}.Debug|Any CPU.ActiveCfg = Debug|Any CPU
		{6E269078-B84D-40B2-AAD8-C8FA74C6E0FC}.Debug|Any CPU.Build.0 = Debug|Any CPU
		{6E269078-B84D-40B2-AAD8-C8FA74C6E0FC}.Release|Any CPU.ActiveCfg = Release|Any CPU
		{6E269078-B84D-40B2-AAD8-C8FA74C6E0FC}.Release|Any CPU.Build.0 = Release|Any CPU
		{20CFF704-F012-4DF8-A4B6-4B212224107B}.Debug|Any CPU.ActiveCfg = Debug|Any CPU
		{20CFF704-F012-4DF8-A4B6-4B212224107B}.Debug|Any CPU.Build.0 = Debug|Any CPU
		{20CFF704-F012-4DF8-A4B6-4B212224107B}.Release|Any CPU.ActiveCfg = Release|Any CPU
		{20CFF704-F012-4DF8-A4B6-4B212224107B}.Release|Any CPU.Build.0 = Release|Any CPU
	EndGlobalSection
	GlobalSection(SolutionProperties) = preSolution
		HideSolutionNode = FALSE
	EndGlobalSection
	GlobalSection(NestedProjects) = preSolution
		{CCEA6105-47B7-4865-8FF0-ED66F9AB5E02} = {F2BFEEC8-0585-495A-BEAB-EB23E2FB3AD4}
		{A7BC0859-AC4C-47C2-842D-163DE678C7E8} = {F683B1D2-8DA5-45BE-B712-CA1B08B718C4}
		{A5135F7A-5CD1-4B52-BA59-97B44A48B065} = {F683B1D2-8DA5-45BE-B712-CA1B08B718C4}
		{5B296613-9746-4AAA-8668-56C2B8B841AC} = {F683B1D2-8DA5-45BE-B712-CA1B08B718C4}
		{795A8056-90A8-45F9-B5DC-4AA9F696FC23} = {F683B1D2-8DA5-45BE-B712-CA1B08B718C4}
		{23245936-DCD3-43F5-B509-60C5D1719B06} = {F683B1D2-8DA5-45BE-B712-CA1B08B718C4}
		{2E68B360-CB5F-4B45-BBD3-A9308C806E1B} = {F683B1D2-8DA5-45BE-B712-CA1B08B718C4}
		{780881CE-A924-4B21-800D-A8A90F3D23D2} = {F683B1D2-8DA5-45BE-B712-CA1B08B718C4}
		{F2C94663-B8E8-4F6E-8C6B-935D1D38EE67} = {5DE8D142-7F7C-4969-B74F-4C36A9D987D1}
		{6E269078-B84D-40B2-AAD8-C8FA74C6E0FC} = {5DE8D142-7F7C-4969-B74F-4C36A9D987D1}
		{20CFF704-F012-4DF8-A4B6-4B212224107B} = {F683B1D2-8DA5-45BE-B712-CA1B08B718C4}
	EndGlobalSection
	GlobalSection(ExtensibilityGlobals) = postSolution
		SolutionGuid = {D3F60DA9-E6BC-4C1C-8BF4-6F3A778110BA}
	EndGlobalSection
EndGlobal
